
Microsoft Visual Studio Solution File, Format Version 12.00
# Visual Studio Version 17
VisualStudioVersion = 17.8.34322.80
MinimumVisualStudioVersion = 10.0.40219.1
Project("{8BC9CEB8-8B4A-11D0-8D11-00A0C91BC942}") = "Простое исключение", "Простое исключение\Простое исключение.vcxproj", "{0E98A87A-C26C-4325-AA06-496CA0A7B244}"
EndProject
Global
	GlobalSection(SolutionConfigurationPlatforms) = preSolution
		Debug|x64 = Debug|x64
		Debug|x86 = Debug|x86
		Release|x64 = Release|x64
		Release|x86 = Release|x86
	EndGlobalSection
	GlobalSection(ProjectConfigurationPlatforms) = postSolution
		{0E98A87A-C26C-4325-AA06-496CA0A7B244}.Debug|x64.ActiveCfg = Debug|x64
		{0E98A87A-C26C-4325-AA06-496CA0A7B244}.Debug|x64.Build.0 = Debug|x64
		{0E98A87A-C26C-4325-AA06-496CA0A7B244}.Debug|x86.ActiveCfg = Debug|Win32
		{0E98A87A-C26C-4325-AA06-496CA0A7B244}.Debug|x86.Build.0 = Debug|Win32
		{0E98A87A-C26C-4325-AA06-496CA0A7B244}.Release|x64.ActiveCfg = Release|x64
		{0E98A87A-C26C-4325-AA06-496CA0A7B244}.Release|x64.Build.0 = Release|x64
		{0E98A87A-C26C-4325-AA06-496CA0A7B244}.Release|x86.ActiveCfg = Release|Win32
		{0E98A87A-C26C-4325-AA06-496CA0A7B244}.Release|x86.Build.0 = Release|Win32
	EndGlobalSection
	GlobalSection(SolutionProperties) = preSolution
		HideSolutionNode = FALSE
	EndGlobalSection
	GlobalSection(ExtensibilityGlobals) = postSolution
		SolutionGuid = {0B88F486-F8F7-4F96-ABA3-A77E7E0F835C}
	EndGlobalSection
EndGlobal
